<?xml version="1.0" encoding="utf-8"?>
<Project ToolsVersion="4.0" xmlns="http://schemas.microsoft.com/developer/msbuild/2003">
  <ItemGroup>
    <Filter Include="01. ServerEvent">
      <UniqueIdentifier>{cc16d4d8-6a27-4c77-8ec9-f1a29a273060}</UniqueIdentifier>
    </Filter>
    <Filter Include="02. RIMI">
      <UniqueIdentifier>{42486133-815c-4b38-8cd6-783f8ca4b1e9}</UniqueIdentifier>
    </Filter>
    <Filter Include="02. RIMI\Stub">
      <UniqueIdentifier>{088d0ba1-08a5-40d1-8bef-9ce4d8409ccb}</UniqueIdentifier>
    </Filter>
    <Filter Include="02. RIMI\Proxy">
      <UniqueIdentifier>{97bef217-0621-4229-8b17-32992375a506}</UniqueIdentifier>
    </Filter>
    <Filter Include="02. RIMI\Common">
      <UniqueIdentifier>{7f2edd8f-8178-496c-8de6-4cd18ec3bd1b}</UniqueIdentifier>
    </Filter>
    <Filter Include="02. RIMI\Proxy\Base">
      <UniqueIdentifier>{842a2a83-6df1-44b9-bdcb-c5e694fd11c7}</UniqueIdentifier>
    </Filter>
    <Filter Include="02. RIMI\Stub\Base">
      <UniqueIdentifier>{1ac6d27d-115c-4e79-96bd-0fab5a5ee2e0}</UniqueIdentifier>
    </Filter>
    <Filter Include="02. RIMI\Common\Client">
      <UniqueIdentifier>{178dfce7-986b-436f-ab53-87ea232d6e49}</UniqueIdentifier>
    </Filter>
    <Filter Include="02. RIMI\Common\Server">
      <UniqueIdentifier>{4bfd0c01-428c-44ef-8d32-7ff735125fe5}</UniqueIdentifier>
    </Filter>
    <Filter Include="03. ServerManager">
      <UniqueIdentifier>{f97e1fde-5981-4113-8e2f-6ece99b54728}</UniqueIdentifier>
    </Filter>
    <Filter Include="04. Timer">
      <UniqueIdentifier>{dcba8e12-3585-43b9-b302-8e62e09760f4}</UniqueIdentifier>
    </Filter>
    <Filter Include="04. Timer\Manager">
      <UniqueIdentifier>{c82a2045-49f5-44ff-a445-35f477c06ffa}</UniqueIdentifier>
    </Filter>
    <Filter Include="100. Global">
      <UniqueIdentifier>{19cbb8b5-9428-4671-99a3-052f1c9e8d8e}</UniqueIdentifier>
    </Filter>
    <Filter Include="100. Global\Define">
      <UniqueIdentifier>{511b04b5-3431-48bc-a05d-7c2823b12afb}</UniqueIdentifier>
    </Filter>
    <Filter Include="05. Session">
      <UniqueIdentifier>{b2e1e1c7-8a79-4d47-9d8f-3f9a3c0651c6}</UniqueIdentifier>
    </Filter>
    <Filter Include="05. Session\Player">
      <UniqueIdentifier>{0bd49fd5-6530-483e-8fc5-046a4bfe47dd}</UniqueIdentifier>
    </Filter>
    <Filter Include="06. DBManager">
      <UniqueIdentifier>{783902e3-23e2-4de5-93df-0b5ef1b17fa2}</UniqueIdentifier>
    </Filter>
    <Filter Include="07, MapManager">
      <UniqueIdentifier>{31eb6f65-1f23-4ba4-bf17-e686dc8722b0}</UniqueIdentifier>
    </Filter>
    <Filter Include="07, MapManager\Level">
      <UniqueIdentifier>{6d4c0054-b017-4805-a470-5397d38de706}</UniqueIdentifier>
    </Filter>
    <Filter Include="101. Base">
      <UniqueIdentifier>{334dace3-aa9d-4f26-8598-7a96760b2f3b}</UniqueIdentifier>
    </Filter>
    <Filter Include="100. Global\Math">
      <UniqueIdentifier>{1800b70d-7236-48ca-b9f6-68494dd271c1}</UniqueIdentifier>
    </Filter>
    <Filter Include="100. Global\Math\Vector3">
      <UniqueIdentifier>{64df649c-4357-4e26-95a5-f1cfd2f97906}</UniqueIdentifier>
    </Filter>
    <Filter Include="100. Global\Math\Vector2">
      <UniqueIdentifier>{d3cb3383-c166-4207-b1ef-613fd80d7772}</UniqueIdentifier>
    </Filter>
    <Filter Include="100. Global\Math\Vector4">
      <UniqueIdentifier>{0e542cb9-410b-44e4-9e9b-72f13fa9d48c}</UniqueIdentifier>
    </Filter>
    <Filter Include="08. Inventory">
      <UniqueIdentifier>{6196531e-653f-423a-8e16-fd47009fc312}</UniqueIdentifier>
    </Filter>
    <Filter Include="09. Actor">
      <UniqueIdentifier>{7f134447-8799-4319-a3b8-39333777e011}</UniqueIdentifier>
    </Filter>
  </ItemGroup>
  <ItemGroup>
    <ClCompile Include="..\Private\ClientRmi_common.cpp">
      <Filter>02. RIMI\Common\Client</Filter>
    </ClCompile>
    <ClCompile Include="..\Private\ServerRmi_common.cpp">
      <Filter>02. RIMI\Common\Server</Filter>
    </ClCompile>
    <ClCompile Include="..\Private\ServerEvent.cpp">
      <Filter>01. ServerEvent</Filter>
    </ClCompile>
    <ClCompile Include="..\Private\ClientRmi_stub.cpp">
      <Filter>02. RIMI\Stub\Base</Filter>
    </ClCompile>
    <ClCompile Include="..\Private\Custom_Stub.cpp">
      <Filter>02. RIMI\Stub</Filter>
    </ClCompile>
    <ClCompile Include="..\Private\ServerRmi_proxy.cpp">
      <Filter>02. RIMI\Proxy\Base</Filter>
    </ClCompile>
    <ClCompile Include="..\Private\ServerManager.cpp">
      <Filter>03. ServerManager</Filter>
    </ClCompile>
    <ClCompile Include="..\Private\TimerManager.cpp">
      <Filter>04. Timer\Manager</Filter>
    </ClCompile>
    <ClCompile Include="..\Private\Timer.cpp">
      <Filter>04. Timer</Filter>
    </ClCompile>
    <ClCompile Include="..\private\Session.cpp">
      <Filter>05. Session</Filter>
    </ClCompile>
    <ClCompile Include="..\private\Player.cpp">
      <Filter>05. Session\Player</Filter>
    </ClCompile>
    <ClCompile Include="pch.cpp">
      <Filter>100. Global</Filter>
    </ClCompile>
    <ClCompile Include="..\private\DBManager.cpp">
      <Filter>06. DBManager</Filter>
    </ClCompile>
    <ClCompile Include="..\private\MapManager.cpp">
      <Filter>07, MapManager</Filter>
    </ClCompile>
    <ClCompile Include="..\private\Level.cpp">
      <Filter>07, MapManager\Level</Filter>
    </ClCompile>
    <ClCompile Include="..\private\Base.cpp">
      <Filter>101. Base</Filter>
    </ClCompile>
    <ClCompile Include="..\private\Vector4.cpp">
      <Filter>100. Global\Math\Vector4</Filter>
    </ClCompile>
    <ClCompile Include="..\private\Vector2.cpp">
      <Filter>100. Global\Math\Vector2</Filter>
    </ClCompile>
    <ClCompile Include="..\Private\Vector3.cpp">
      <Filter>100. Global\Math\Vector3</Filter>
    </ClCompile>
    <ClCompile Include="..\private\Inventory.cpp">
      <Filter>08. Inventory</Filter>
    </ClCompile>
    <ClCompile Include="..\private\Actor.cpp">
      <Filter>09. Actor</Filter>
    </ClCompile>
    <ClCompile Include="ProjectZZZ_Server.cpp" />
  </ItemGroup>
  <ItemGroup>
    <None Include="..\util\ServerRmi.pidl">
      <Filter>02. RIMI</Filter>
    </None>
  </ItemGroup>
  <ItemGroup>
    <ClInclude Include="..\Public\ClientRmi_common.h">
      <Filter>02. RIMI\Common\Client</Filter>
    </ClInclude>
    <ClInclude Include="..\Public\ServerRmi_common.h">
      <Filter>02. RIMI\Common\Server</Filter>
    </ClInclude>
    <ClInclude Include="..\Public\ServerEvent.h">
      <Filter>01. ServerEvent</Filter>
    </ClInclude>
    <ClInclude Include="..\Public\ClientRmi_stub.h">
      <Filter>02. RIMI\Stub\Base</Filter>
    </ClInclude>
    <ClInclude Include="..\Public\Custom_Stub.h">
      <Filter>02. RIMI\Stub</Filter>
    </ClInclude>
    <ClInclude Include="..\Public\ServerRmi_proxy.h">
      <Filter>02. RIMI\Proxy\Base</Filter>
    </ClInclude>
    <ClInclude Include="..\Public\Server_Defines.h">
      <Filter>100. Global\Define</Filter>
    </ClInclude>
    <ClInclude Include="..\Public\ServerManager.h">
      <Filter>03. ServerManager</Filter>
    </ClInclude>
    <ClInclude Include="..\Public\TimerManager.h">
      <Filter>04. Timer\Manager</Filter>
    </ClInclude>
    <ClInclude Include="..\Public\Timer.h">
      <Filter>04. Timer</Filter>
    </ClInclude>
    <ClInclude Include="..\Public\pch.h">
      <Filter>100. Global</Filter>
    </ClInclude>
    <ClInclude Include="..\public\Session.h">
      <Filter>05. Session</Filter>
    </ClInclude>
    <ClInclude Include="..\public\Player.h">
      <Filter>05. Session\Player</Filter>
    </ClInclude>
    <ClInclude Include="..\public\DBManager.h">
      <Filter>06. DBManager</Filter>
    </ClInclude>
    <ClInclude Include="..\Public\Server_Structs.h">
      <Filter>100. Global\Define</Filter>
    </ClInclude>
    <ClInclude Include="..\Public\Server_Enum.h">
      <Filter>100. Global\Define</Filter>
    </ClInclude>
    <ClInclude Include="..\public\MapManager.h">
      <Filter>07, MapManager</Filter>
    </ClInclude>
    <ClInclude Include="..\public\Level.h">
      <Filter>07, MapManager\Level</Filter>
    </ClInclude>
    <ClInclude Include="..\Public\Server_Func.h">
      <Filter>100. Global\Define</Filter>
    </ClInclude>
    <ClInclude Include="..\public\Base.h">
      <Filter>101. Base</Filter>
    </ClInclude>
    <ClInclude Include="..\public\Vector4.h">
      <Filter>100. Global\Math\Vector4</Filter>
    </ClInclude>
    <ClInclude Include="..\public\Vector2.h">
      <Filter>100. Global\Math\Vector2</Filter>
    </ClInclude>
    <ClInclude Include="..\Public\CustomMath.h">
      <Filter>100. Global\Math</Filter>
    </ClInclude>
    <ClInclude Include="..\Public\Vector3.h">
      <Filter>100. Global\Math\Vector3</Filter>
    </ClInclude>
    <ClInclude Include="..\public\Inventory.h">
      <Filter>08. Inventory</Filter>
    </ClInclude>
    <ClInclude Include="..\Public\Server_Mecro.h">
      <Filter>100. Global\Define</Filter>
    </ClInclude>
    <ClInclude Include="..\public\Actor.h">
      <Filter>09. Actor</Filter>
    </ClInclude>
  </ItemGroup>
</Project>